
Microsoft Visual Studio Solution File, Format Version 12.00
# Visual Studio Version 16
VisualStudioVersion = 16.0.29020.237
MinimumVisualStudioVersion = 10.0.40219.1
Project("{9A19103F-16F7-4668-BE54-9A1E7A4F7556}") = "Manage_Tourings", "Manage_Tourings\Manage_Tourings.csproj", "{EDFC0F37-01BB-4E07-98E7-6E10B26AA180}"
EndProject
Project("{9A19103F-16F7-4668-BE54-9A1E7A4F7556}") = "MangeTouringsUnitTests", "MangeTouringsTests\MangeTouringsUnitTests.csproj", "{608EE4E3-3504-401D-95DB-FA5F9BFB69C3}"
EndProject
Global
	GlobalSection(SolutionConfigurationPlatforms) = preSolution
		Debug|Any CPU = Debug|Any CPU
		Release|Any CPU = Release|Any CPU
	EndGlobalSection
	GlobalSection(ProjectConfigurationPlatforms) = postSolution
		{EDFC0F37-01BB-4E07-98E7-6E10B26AA180}.Debug|Any CPU.ActiveCfg = Debug|Any CPU
		{EDFC0F37-01BB-4E07-98E7-6E10B26AA180}.Debug|Any CPU.Build.0 = Debug|Any CPU
		{EDFC0F37-01BB-4E07-98E7-6E10B26AA180}.Release|Any CPU.ActiveCfg = Release|Any CPU
		{EDFC0F37-01BB-4E07-98E7-6E10B26AA180}.Release|Any CPU.Build.0 = Release|Any CPU
		{608EE4E3-3504-401D-95DB-FA5F9BFB69C3}.Debug|Any CPU.ActiveCfg = Debug|Any CPU
		{608EE4E3-3504-401D-95DB-FA5F9BFB69C3}.Debug|Any CPU.Build.0 = Debug|Any CPU
		{608EE4E3-3504-401D-95DB-FA5F9BFB69C3}.Release|Any CPU.ActiveCfg = Release|Any CPU
		{608EE4E3-3504-401D-95DB-FA5F9BFB69C3}.Release|Any CPU.Build.0 = Release|Any CPU
	EndGlobalSection
	GlobalSection(SolutionProperties) = preSolution
		HideSolutionNode = FALSE
	EndGlobalSection
	GlobalSection(ExtensibilityGlobals) = postSolution
		SolutionGuid = {FB18F5CC-1B9F-4904-AD2B-0C605E3F2AAA}
	EndGlobalSection
EndGlobal
